
Microsoft Visual Studio Solution File, Format Version 12.00
# Visual Studio Version 17
VisualStudioVersion = 17.5.33530.505
MinimumVisualStudioVersion = 10.0.40219.1
Project("{888888A0-9F3D-457C-B088-3A5042F75D52}") = "movie guide", "movie guide.pyproj", "{CA683877-08BC-4A2F-BC15-08910E5E9401}"
EndProject
Global
	GlobalSection(SolutionConfigurationPlatforms) = preSolution
		Debug|Any CPU = Debug|Any CPU
		Release|Any CPU = Release|Any CPU
	EndGlobalSection
	GlobalSection(ProjectConfigurationPlatforms) = postSolution
		{CA683877-08BC-4A2F-BC15-08910E5E9401}.Debug|Any CPU.ActiveCfg = Debug|Any CPU
		{CA683877-08BC-4A2F-BC15-08910E5E9401}.Release|Any CPU.ActiveCfg = Release|Any CPU
	EndGlobalSection
	GlobalSection(SolutionProperties) = preSolution
		HideSolutionNode = FALSE
	EndGlobalSection
	GlobalSection(ExtensibilityGlobals) = postSolution
		SolutionGuid = {4E65553C-3F6E-42EE-9D30-BC26D4E47BC9}
	EndGlobalSection
EndGlobal
